
Microsoft Visual Studio Solution File, Format Version 12.00
# Visual Studio Version 17
VisualStudioVersion = 17.4.33205.214
MinimumVisualStudioVersion = 10.0.40219.1
Project("{FAE04EC0-301F-11D3-BF4B-00C04F79EFBC}") = "Kockegy", "Kockegy.csproj", "{91992725-E726-4ABF-895A-00D5ED10CDB8}"
EndProject
Project("{FAE04EC0-301F-11D3-BF4B-00C04F79EFBC}") = "EntityLayer", "EntityLayer\EntityLayer.csproj", "{AF98DF4F-4E85-4956-960A-A41A208A8BA3}"
EndProject
Project("{FAE04EC0-301F-11D3-BF4B-00C04F79EFBC}") = "BusinessLayer", "BusinessLayer\BusinessLayer.csproj", "{1F36062C-F81B-4D39-AD78-82CA5F6C7D7B}"
EndProject
Project("{FAE04EC0-301F-11D3-BF4B-00C04F79EFBC}") = "DataAccessLayer", "DataAccessLayer\DataAccessLayer.csproj", "{0DEE71C4-FFC7-46EB-BA17-C4F982ECF920}"
EndProject
Global
	GlobalSection(SolutionConfigurationPlatforms) = preSolution
		Debug|Any CPU = Debug|Any CPU
		Release|Any CPU = Release|Any CPU
	EndGlobalSection
	GlobalSection(ProjectConfigurationPlatforms) = postSolution
		{91992725-E726-4ABF-895A-00D5ED10CDB8}.Debug|Any CPU.ActiveCfg = Debug|Any CPU
		{91992725-E726-4ABF-895A-00D5ED10CDB8}.Debug|Any CPU.Build.0 = Debug|Any CPU
		{91992725-E726-4ABF-895A-00D5ED10CDB8}.Release|Any CPU.ActiveCfg = Release|Any CPU
		{91992725-E726-4ABF-895A-00D5ED10CDB8}.Release|Any CPU.Build.0 = Release|Any CPU
		{AF98DF4F-4E85-4956-960A-A41A208A8BA3}.Debug|Any CPU.ActiveCfg = Debug|Any CPU
		{AF98DF4F-4E85-4956-960A-A41A208A8BA3}.Debug|Any CPU.Build.0 = Debug|Any CPU
		{AF98DF4F-4E85-4956-960A-A41A208A8BA3}.Release|Any CPU.ActiveCfg = Release|Any CPU
		{AF98DF4F-4E85-4956-960A-A41A208A8BA3}.Release|Any CPU.Build.0 = Release|Any CPU
		{1F36062C-F81B-4D39-AD78-82CA5F6C7D7B}.Debug|Any CPU.ActiveCfg = Debug|Any CPU
		{1F36062C-F81B-4D39-AD78-82CA5F6C7D7B}.Debug|Any CPU.Build.0 = Debug|Any CPU
		{1F36062C-F81B-4D39-AD78-82CA5F6C7D7B}.Release|Any CPU.ActiveCfg = Release|Any CPU
		{1F36062C-F81B-4D39-AD78-82CA5F6C7D7B}.Release|Any CPU.Build.0 = Release|Any CPU
		{0DEE71C4-FFC7-46EB-BA17-C4F982ECF920}.Debug|Any CPU.ActiveCfg = Debug|Any CPU
		{0DEE71C4-FFC7-46EB-BA17-C4F982ECF920}.Debug|Any CPU.Build.0 = Debug|Any CPU
		{0DEE71C4-FFC7-46EB-BA17-C4F982ECF920}.Release|Any CPU.ActiveCfg = Release|Any CPU
		{0DEE71C4-FFC7-46EB-BA17-C4F982ECF920}.Release|Any CPU.Build.0 = Release|Any CPU
	EndGlobalSection
	GlobalSection(SolutionProperties) = preSolution
		HideSolutionNode = FALSE
	EndGlobalSection
	GlobalSection(ExtensibilityGlobals) = postSolution
		SolutionGuid = {2D13C54F-6A26-4CB3-A566-83E34730ED04}
	EndGlobalSection
EndGlobal
